// !$*UTF8*$!
{
archiveVersion=1; classes={}; objectVersion=56;
objects={
A1={isa=PBXBuildFile;fileRef=B1;};
A2={isa=PBXBuildFile;fileRef=B2;};
B1={isa=PBXFileReference;lastKnownFileType=sourcecode.swift;path=AppDelegate.swift;};
B2={isa=PBXFileReference;lastKnownFileType=sourcecode.swift;path=MainViewController.swift;};
B3={isa=PBXFileReference;lastKnownFileType=text.plist.xml;path=Info.plist;};
B4={isa=PBXFileReference;explicitFileType=wrapper.application;path=MenaAI.app;sourceTree=BUILT_PRODUCTS_DIR;};
C1={isa=PBXSourcesBuildPhase;files=(A1,A2);};
C2={isa=PBXResourcesBuildPhase;files=();};
C3={isa=PBXFrameworksBuildPhase;files=();};
D1={isa=PBXGroup;children=(B1,B2,B3);path=MenaAI;sourceTree="<group>";};
D2={isa=PBXGroup;children=(B4);name=Products;sourceTree="<group>";};
D3={isa=PBXGroup;children=(D1,D2);sourceTree="<group>";};
E1={isa=PBXNativeTarget;buildPhases=(C3,C1,C2);buildConfigurationList=G2;name=MenaAI;productName=MenaAI;productReference=B4;productType="com.apple.product-type.application";};
E2={isa=PBXProject;buildConfigurationList=G1;mainGroup=D3;productRefGroup=D2;targets=(E1);compatibilityVersion="Xcode 14.0";};
F1={isa=XCBuildConfiguration;buildSettings={INFOPLIST_FILE=MenaAI/Info.plist;PRODUCT_BUNDLE_IDENTIFIER=net.menahost.menaai;SWIFT_VERSION=5.0;IPHONEOS_DEPLOYMENT_TARGET=16.0;TARGETED_DEVICE_FAMILY="1,2";CODE_SIGN_STYLE=Automatic;};name=Debug;};
F2={isa=XCBuildConfiguration;buildSettings={INFOPLIST_FILE=MenaAI/Info.plist;PRODUCT_BUNDLE_IDENTIFIER=net.menahost.menaai;SWIFT_VERSION=5.0;IPHONEOS_DEPLOYMENT_TARGET=16.0;TARGETED_DEVICE_FAMILY="1,2";CODE_SIGN_STYLE=Automatic;};name=Release;};
G1={isa=XCConfigurationList;buildConfigurations=(F1,F2);defaultConfigurationName=Release;};
G2={isa=XCConfigurationList;buildConfigurations=(F1,F2);defaultConfigurationName=Release;};
};
rootObject=E2;
}